
Microsoft Visual Studio Solution File, Format Version 12.00
# Visual Studio Version 17
VisualStudioVersion = 17.9.34728.123
MinimumVisualStudioVersion = 10.0.40219.1
Project("{FAE04EC0-301F-11D3-BF4B-00C04F79EFBC}") = "ChatRooms", "ChatRooms\ChatRooms.csproj", "{26A5D265-6AF1-4707-88E3-A8342FB046D8}"
EndProject
Project("{FAE04EC0-301F-11D3-BF4B-00C04F79EFBC}") = "ChatRooms.Client", "ChatRooms.Client\ChatRooms.Client.csproj", "{F137A5FE-4C52-4E0A-845B-FA59069745E4}"
EndProject
Global
	GlobalSection(SolutionConfigurationPlatforms) = preSolution
		Debug|Any CPU = Debug|Any CPU
		Release|Any CPU = Release|Any CPU
	EndGlobalSection
	GlobalSection(ProjectConfigurationPlatforms) = postSolution
		{26A5D265-6AF1-4707-88E3-A8342FB046D8}.Debug|Any CPU.ActiveCfg = Debug|Any CPU
		{26A5D265-6AF1-4707-88E3-A8342FB046D8}.Debug|Any CPU.Build.0 = Debug|Any CPU
		{26A5D265-6AF1-4707-88E3-A8342FB046D8}.Release|Any CPU.ActiveCfg = Release|Any CPU
		{26A5D265-6AF1-4707-88E3-A8342FB046D8}.Release|Any CPU.Build.0 = Release|Any CPU
		{F137A5FE-4C52-4E0A-845B-FA59069745E4}.Debug|Any CPU.ActiveCfg = Debug|Any CPU
		{F137A5FE-4C52-4E0A-845B-FA59069745E4}.Debug|Any CPU.Build.0 = Debug|Any CPU
		{F137A5FE-4C52-4E0A-845B-FA59069745E4}.Release|Any CPU.ActiveCfg = Release|Any CPU
		{F137A5FE-4C52-4E0A-845B-FA59069745E4}.Release|Any CPU.Build.0 = Release|Any CPU
	EndGlobalSection
	GlobalSection(SolutionProperties) = preSolution
		HideSolutionNode = FALSE
	EndGlobalSection
	GlobalSection(ExtensibilityGlobals) = postSolution
		SolutionGuid = {CD70BBA7-AC34-4DD5-9E7C-3E98CF015C0F}
	EndGlobalSection
EndGlobal
